
Microsoft Visual Studio Solution File, Format Version 12.00
# Visual Studio Version 17
VisualStudioVersion = 17.0.31903.59
MinimumVisualStudioVersion = 10.0.40219.1
Project("{FAE04EC0-301F-11D3-BF4B-00C04F79EFBC}") = "SmsInsights", "SmsInsights\SmsInsights.csproj", "{4A8978C5-995B-4EC9-ABBB-D860FF8F915F}"
EndProject
Project("{FAE04EC0-301F-11D3-BF4B-00C04F79EFBC}") = "SmsInsights.Tests", "SmsInsights.Tests\SmsInsights.Tests.csproj", "{F8AA2023-4110-438B-8A37-186E26AA348F}"
EndProject
Global
	GlobalSection(SolutionConfigurationPlatforms) = preSolution
		Debug|Any CPU = Debug|Any CPU
		Release|Any CPU = Release|Any CPU
	EndGlobalSection
	GlobalSection(SolutionProperties) = preSolution
		HideSolutionNode = FALSE
	EndGlobalSection
	GlobalSection(ProjectConfigurationPlatforms) = postSolution
		{4A8978C5-995B-4EC9-ABBB-D860FF8F915F}.Debug|Any CPU.ActiveCfg = Debug|Any CPU
		{4A8978C5-995B-4EC9-ABBB-D860FF8F915F}.Debug|Any CPU.Build.0 = Debug|Any CPU
		{4A8978C5-995B-4EC9-ABBB-D860FF8F915F}.Release|Any CPU.ActiveCfg = Release|Any CPU
		{4A8978C5-995B-4EC9-ABBB-D860FF8F915F}.Release|Any CPU.Build.0 = Release|Any CPU
		{F8AA2023-4110-438B-8A37-186E26AA348F}.Debug|Any CPU.ActiveCfg = Debug|Any CPU
		{F8AA2023-4110-438B-8A37-186E26AA348F}.Debug|Any CPU.Build.0 = Debug|Any CPU
		{F8AA2023-4110-438B-8A37-186E26AA348F}.Release|Any CPU.ActiveCfg = Release|Any CPU
		{F8AA2023-4110-438B-8A37-186E26AA348F}.Release|Any CPU.Build.0 = Release|Any CPU
	EndGlobalSection
EndGlobal
